
Microsoft Visual Studio Solution File, Format Version 12.00
# Visual Studio 14
VisualStudioVersion = 14.0.24720.0
MinimumVisualStudioVersion = 10.0.40219.1
Project("{8BC9CEB8-8B4A-11D0-8D11-00A0C91BC942}") = "ELTEVectorMathLibrary", "ELTEVectorMathLibrary\ELTEVectorMathLibrary.vcxproj", "{10FD5E7E-2649-47DE-A800-CFC292DF018D}"
EndProject
Project("{8BC9CEB8-8B4A-11D0-8D11-00A0C91BC942}") = "ELTEVectorMathLibrary_Test", "ELTEVectorMathLibrary_Test\ELTEVectorMathLibrary_Test.vcxproj", "{C33CBE34-DDF0-4B7E-8778-C7725BC5CCFF}"
	ProjectSection(ProjectDependencies) = postProject
		{10FD5E7E-2649-47DE-A800-CFC292DF018D} = {10FD5E7E-2649-47DE-A800-CFC292DF018D}
	EndProjectSection
EndProject
Global
	GlobalSection(SolutionConfigurationPlatforms) = preSolution
		Debug|x64 = Debug|x64
		Debug|x86 = Debug|x86
		Release|x64 = Release|x64
		Release|x86 = Release|x86
	EndGlobalSection
	GlobalSection(ProjectConfigurationPlatforms) = postSolution
		{10FD5E7E-2649-47DE-A800-CFC292DF018D}.Debug|x64.ActiveCfg = Debug|x64
		{10FD5E7E-2649-47DE-A800-CFC292DF018D}.Debug|x64.Build.0 = Debug|x64
		{10FD5E7E-2649-47DE-A800-CFC292DF018D}.Debug|x86.ActiveCfg = Debug|Win32
		{10FD5E7E-2649-47DE-A800-CFC292DF018D}.Debug|x86.Build.0 = Debug|Win32
		{10FD5E7E-2649-47DE-A800-CFC292DF018D}.Release|x64.ActiveCfg = Release|x64
		{10FD5E7E-2649-47DE-A800-CFC292DF018D}.Release|x64.Build.0 = Release|x64
		{10FD5E7E-2649-47DE-A800-CFC292DF018D}.Release|x86.ActiveCfg = Release|Win32
		{10FD5E7E-2649-47DE-A800-CFC292DF018D}.Release|x86.Build.0 = Release|Win32
		{C33CBE34-DDF0-4B7E-8778-C7725BC5CCFF}.Debug|x64.ActiveCfg = Debug|x64
		{C33CBE34-DDF0-4B7E-8778-C7725BC5CCFF}.Debug|x64.Build.0 = Debug|x64
		{C33CBE34-DDF0-4B7E-8778-C7725BC5CCFF}.Debug|x86.ActiveCfg = Debug|Win32
		{C33CBE34-DDF0-4B7E-8778-C7725BC5CCFF}.Debug|x86.Build.0 = Debug|Win32
		{C33CBE34-DDF0-4B7E-8778-C7725BC5CCFF}.Release|x64.ActiveCfg = Release|x64
		{C33CBE34-DDF0-4B7E-8778-C7725BC5CCFF}.Release|x64.Build.0 = Release|x64
		{C33CBE34-DDF0-4B7E-8778-C7725BC5CCFF}.Release|x86.ActiveCfg = Release|Win32
		{C33CBE34-DDF0-4B7E-8778-C7725BC5CCFF}.Release|x86.Build.0 = Release|Win32
	EndGlobalSection
	GlobalSection(SolutionProperties) = preSolution
		HideSolutionNode = FALSE
	EndGlobalSection
EndGlobal
